
Microsoft Visual Studio Solution File, Format Version 12.00
# Visual Studio Version 16
VisualStudioVersion = 16.0.31321.278
MinimumVisualStudioVersion = 10.0.40219.1
Project("{FAE04EC0-301F-11D3-BF4B-00C04F79EFBC}") = "Variables", "Variables\Variables.csproj", "{F6116E30-F7B9-4362-8075-402D9353BA03}"
EndProject
Global
	GlobalSection(SolutionConfigurationPlatforms) = preSolution
		Debug|Any CPU = Debug|Any CPU
		Release|Any CPU = Release|Any CPU
	EndGlobalSection
	GlobalSection(ProjectConfigurationPlatforms) = postSolution
		{F6116E30-F7B9-4362-8075-402D9353BA03}.Debug|Any CPU.ActiveCfg = Debug|Any CPU
		{F6116E30-F7B9-4362-8075-402D9353BA03}.Debug|Any CPU.Build.0 = Debug|Any CPU
		{F6116E30-F7B9-4362-8075-402D9353BA03}.Release|Any CPU.ActiveCfg = Release|Any CPU
		{F6116E30-F7B9-4362-8075-402D9353BA03}.Release|Any CPU.Build.0 = Release|Any CPU
	EndGlobalSection
	GlobalSection(SolutionProperties) = preSolution
		HideSolutionNode = FALSE
	EndGlobalSection
	GlobalSection(ExtensibilityGlobals) = postSolution
		SolutionGuid = {103FB173-82AD-49A8-AB01-4C4F9AAC1CBB}
	EndGlobalSection
EndGlobal
